
Microsoft Visual Studio Solution File, Format Version 12.00
# Visual Studio 14
VisualStudioVersion = 14.0.25420.1
MinimumVisualStudioVersion = 10.0.40219.1
Project("{FAE04EC0-301F-11D3-BF4B-00C04F79EFBC}") = "Orka.Droid", "Orka\Orka.Droid\Orka.Droid.csproj", "{5B2F447F-63A2-474C-8832-1ABA34C79D4D}"
EndProject
Project("{FAE04EC0-301F-11D3-BF4B-00C04F79EFBC}") = "Orka.iOS", "Orka\Orka.iOS\Orka.iOS.csproj", "{6D2C64EC-940B-4BCC-9772-1EAAF4DA4744}"
EndProject
Project("{FAE04EC0-301F-11D3-BF4B-00C04F79EFBC}") = "Orka.WinPhone", "Orka\Orka.WinPhone\Orka.WinPhone.csproj", "{FCEAC13A-8EE8-4C0B-AAA3-3B111D1189F8}"
EndProject
Project("{FAE04EC0-301F-11D3-BF4B-00C04F79EFBC}") = "Orka.UWP", "Orka\Orka.UWP\Orka.UWP.csproj", "{D506A062-3A49-400E-AA5F-4EBCAB11A9B8}"
EndProject
Project("{FAE04EC0-301F-11D3-BF4B-00C04F79EFBC}") = "Orka.Windows", "Orka\Orka.Windows\Orka.Windows.csproj", "{7352EC58-994E-4CC8-8D03-E973D92D1ABD}"
EndProject
Project("{FAE04EC0-301F-11D3-BF4B-00C04F79EFBC}") = "Orka", "Orka\Orka\Orka.csproj", "{923CD09B-40A5-470F-BE00-D932390960AC}"
EndProject
Project("{FAE04EC0-301F-11D3-BF4B-00C04F79EFBC}") = "Orka.Backend", "Orka.Backend\Orka.Backend.csproj", "{34A3548F-56EC-4464-9321-0075FE259365}"
EndProject
Project("{2150E333-8FDC-42A3-9474-1A3956D46DE8}") = "Solution Items", "Solution Items", "{BB9AB911-D4CB-4C3E-9F66-131A9B5F74D8}"
	ProjectSection(SolutionItems) = preProject
		README.md = README.md
	EndProjectSection
EndProject
Global
	GlobalSection(SolutionConfigurationPlatforms) = preSolution
		Ad-Hoc|Any CPU = Ad-Hoc|Any CPU
		Ad-Hoc|ARM = Ad-Hoc|ARM
		Ad-Hoc|iPhone = Ad-Hoc|iPhone
		Ad-Hoc|iPhoneSimulator = Ad-Hoc|iPhoneSimulator
		Ad-Hoc|x64 = Ad-Hoc|x64
		Ad-Hoc|x86 = Ad-Hoc|x86
		AppStore|Any CPU = AppStore|Any CPU
		AppStore|ARM = AppStore|ARM
		AppStore|iPhone = AppStore|iPhone
		AppStore|iPhoneSimulator = AppStore|iPhoneSimulator
		AppStore|x64 = AppStore|x64
		AppStore|x86 = AppStore|x86
		Debug|Any CPU = Debug|Any CPU
		Debug|ARM = Debug|ARM
		Debug|iPhone = Debug|iPhone
		Debug|iPhoneSimulator = Debug|iPhoneSimulator
		Debug|x64 = Debug|x64
		Debug|x86 = Debug|x86
		Release|Any CPU = Release|Any CPU
		Release|ARM = Release|ARM
		Release|iPhone = Release|iPhone
		Release|iPhoneSimulator = Release|iPhoneSimulator
		Release|x64 = Release|x64
		Release|x86 = Release|x86
	EndGlobalSection
	GlobalSection(ProjectConfigurationPlatforms) = postSolution
		{5B2F447F-63A2-474C-8832-1ABA34C79D4D}.Ad-Hoc|Any CPU.ActiveCfg = Release|Any CPU
		{5B2F447F-63A2-474C-8832-1ABA34C79D4D}.Ad-Hoc|Any CPU.Build.0 = Release|Any CPU
		{5B2F447F-63A2-474C-8832-1ABA34C79D4D}.Ad-Hoc|Any CPU.Deploy.0 = Release|Any CPU
		{5B2F447F-63A2-474C-8832-1ABA34C79D4D}.Ad-Hoc|ARM.ActiveCfg = Release|Any CPU
		{5B2F447F-63A2-474C-8832-1ABA34C79D4D}.Ad-Hoc|ARM.Build.0 = Release|Any CPU
		{5B2F447F-63A2-474C-8832-1ABA34C79D4D}.Ad-Hoc|ARM.Deploy.0 = Release|Any CPU
		{5B2F447F-63A2-474C-8832-1ABA34C79D4D}.Ad-Hoc|iPhone.ActiveCfg = Release|Any CPU
		{5B2F447F-63A2-474C-8832-1ABA34C79D4D}.Ad-Hoc|iPhone.Build.0 = Release|Any CPU
		{5B2F447F-63A2-474C-8832-1ABA34C79D4D}.Ad-Hoc|iPhone.Deploy.0 = Release|Any CPU
		{5B2F447F-63A2-474C-8832-1ABA34C79D4D}.Ad-Hoc|iPhoneSimulator.ActiveCfg = Release|Any CPU
		{5B2F447F-63A2-474C-8832-1ABA34C79D4D}.Ad-Hoc|iPhoneSimulator.Build.0 = Release|Any CPU
		{5B2F447F-63A2-474C-8832-1ABA34C79D4D}.Ad-Hoc|iPhoneSimulator.Deploy.0 = Release|Any CPU
		{5B2F447F-63A2-474C-8832-1ABA34C79D4D}.Ad-Hoc|x64.ActiveCfg = Release|Any CPU
		{5B2F447F-63A2-474C-8832-1ABA34C79D4D}.Ad-Hoc|x64.Build.0 = Release|Any CPU
		{5B2F447F-63A2-474C-8832-1ABA34C79D4D}.Ad-Hoc|x64.Deploy.0 = Release|Any CPU
		{5B2F447F-63A2-474C-8832-1ABA34C79D4D}.Ad-Hoc|x86.ActiveCfg = Release|Any CPU
		{5B2F447F-63A2-474C-8832-1ABA34C79D4D}.Ad-Hoc|x86.Build.0 = Release|Any CPU
		{5B2F447F-63A2-474C-8832-1ABA34C79D4D}.Ad-Hoc|x86.Deploy.0 = Release|Any CPU
		{5B2F447F-63A2-474C-8832-1ABA34C79D4D}.AppStore|Any CPU.ActiveCfg = Release|Any CPU
		{5B2F447F-63A2-474C-8832-1ABA34C79D4D}.AppStore|Any CPU.Build.0 = Release|Any CPU
		{5B2F447F-63A2-474C-8832-1ABA34C79D4D}.AppStore|Any CPU.Deploy.0 = Release|Any CPU
		{5B2F447F-63A2-474C-8832-1ABA34C79D4D}.AppStore|ARM.ActiveCfg = Release|Any CPU
		{5B2F447F-63A2-474C-8832-1ABA34C79D4D}.AppStore|ARM.Build.0 = Release|Any CPU
		{5B2F447F-63A2-474C-8832-1ABA34C79D4D}.AppStore|ARM.Deploy.0 = Release|Any CPU
		{5B2F447F-63A2-474C-8832-1ABA34C79D4D}.AppStore|iPhone.ActiveCfg = Release|Any CPU
		{5B2F447F-63A2-474C-8832-1ABA34C79D4D}.AppStore|iPhone.Build.0 = Release|Any CPU
		{5B2F447F-63A2-474C-8832-1ABA34C79D4D}.AppStore|iPhone.Deploy.0 = Release|Any CPU
		{5B2F447F-63A2-474C-8832-1ABA34C79D4D}.AppStore|iPhoneSimulator.ActiveCfg = Release|Any CPU
		{5B2F447F-63A2-474C-8832-1ABA34C79D4D}.AppStore|iPhoneSimulator.Build.0 = Release|Any CPU
		{5B2F447F-63A2-474C-8832-1ABA34C79D4D}.AppStore|iPhoneSimulator.Deploy.0 = Release|Any CPU
		{5B2F447F-63A2-474C-8832-1ABA34C79D4D}.AppStore|x64.ActiveCfg = Release|Any CPU
		{5B2F447F-63A2-474C-8832-1ABA34C79D4D}.AppStore|x64.Build.0 = Release|Any CPU
		{5B2F447F-63A2-474C-8832-1ABA34C79D4D}.AppStore|x64.Deploy.0 = Release|Any CPU
		{5B2F447F-63A2-474C-8832-1ABA34C79D4D}.AppStore|x86.ActiveCfg = Release|Any CPU
		{5B2F447F-63A2-474C-8832-1ABA34C79D4D}.AppStore|x86.Build.0 = Release|Any CPU
		{5B2F447F-63A2-474C-8832-1ABA34C79D4D}.AppStore|x86.Deploy.0 = Release|Any CPU
		{5B2F447F-63A2-474C-8832-1ABA34C79D4D}.Debug|Any CPU.ActiveCfg = Debug|Any CPU
		{5B2F447F-63A2-474C-8832-1ABA34C79D4D}.Debug|Any CPU.Build.0 = Debug|Any CPU
		{5B2F447F-63A2-474C-8832-1ABA34C79D4D}.Debug|Any CPU.Deploy.0 = Debug|Any CPU
		{5B2F447F-63A2-474C-8832-1ABA34C79D4D}.Debug|ARM.ActiveCfg = Debug|Any CPU
		{5B2F447F-63A2-474C-8832-1ABA34C79D4D}.Debug|ARM.Build.0 = Debug|Any CPU
		{5B2F447F-63A2-474C-8832-1ABA34C79D4D}.Debug|ARM.Deploy.0 = Debug|Any CPU
		{5B2F447F-63A2-474C-8832-1ABA34C79D4D}.Debug|iPhone.ActiveCfg = Debug|Any CPU
		{5B2F447F-63A2-474C-8832-1ABA34C79D4D}.Debug|iPhone.Build.0 = Debug|Any CPU
		{5B2F447F-63A2-474C-8832-1ABA34C79D4D}.Debug|iPhone.Deploy.0 = Debug|Any CPU
		{5B2F447F-63A2-474C-8832-1ABA34C79D4D}.Debug|iPhoneSimulator.ActiveCfg = Debug|Any CPU
		{5B2F447F-63A2-474C-8832-1ABA34C79D4D}.Debug|iPhoneSimulator.Build.0 = Debug|Any CPU
		{5B2F447F-63A2-474C-8832-1ABA34C79D4D}.Debug|iPhoneSimulator.Deploy.0 = Debug|Any CPU
		{5B2F447F-63A2-474C-8832-1ABA34C79D4D}.Debug|x64.ActiveCfg = Debug|Any CPU
		{5B2F447F-63A2-474C-8832-1ABA34C79D4D}.Debug|x64.Build.0 = Debug|Any CPU
		{5B2F447F-63A2-474C-8832-1ABA34C79D4D}.Debug|x64.Deploy.0 = Debug|Any CPU
		{5B2F447F-63A2-474C-8832-1ABA34C79D4D}.Debug|x86.ActiveCfg = Debug|Any CPU
		{5B2F447F-63A2-474C-8832-1ABA34C79D4D}.Debug|x86.Build.0 = Debug|Any CPU
		{5B2F447F-63A2-474C-8832-1ABA34C79D4D}.Debug|x86.Deploy.0 = Debug|Any CPU
		{5B2F447F-63A2-474C-8832-1ABA34C79D4D}.Release|Any CPU.ActiveCfg = Release|Any CPU
		{5B2F447F-63A2-474C-8832-1ABA34C79D4D}.Release|Any CPU.Build.0 = Release|Any CPU
		{5B2F447F-63A2-474C-8832-1ABA34C79D4D}.Release|ARM.ActiveCfg = Release|Any CPU
		{5B2F447F-63A2-474C-8832-1ABA34C79D4D}.Release|ARM.Build.0 = Release|Any CPU
		{5B2F447F-63A2-474C-8832-1ABA34C79D4D}.Release|ARM.Deploy.0 = Release|Any CPU
		{5B2F447F-63A2-474C-8832-1ABA34C79D4D}.Release|iPhone.ActiveCfg = Release|Any CPU
		{5B2F447F-63A2-474C-8832-1ABA34C79D4D}.Release|iPhone.Build.0 = Release|Any CPU
		{5B2F447F-63A2-474C-8832-1ABA34C79D4D}.Release|iPhone.Deploy.0 = Release|Any CPU
		{5B2F447F-63A2-474C-8832-1ABA34C79D4D}.Release|iPhoneSimulator.ActiveCfg = Release|Any CPU
		{5B2F447F-63A2-474C-8832-1ABA34C79D4D}.Release|iPhoneSimulator.Build.0 = Release|Any CPU
		{5B2F447F-63A2-474C-8832-1ABA34C79D4D}.Release|iPhoneSimulator.Deploy.0 = Release|Any CPU
		{5B2F447F-63A2-474C-8832-1ABA34C79D4D}.Release|x64.ActiveCfg = Release|Any CPU
		{5B2F447F-63A2-474C-8832-1ABA34C79D4D}.Release|x64.Build.0 = Release|Any CPU
		{5B2F447F-63A2-474C-8832-1ABA34C79D4D}.Release|x64.Deploy.0 = Release|Any CPU
		{5B2F447F-63A2-474C-8832-1ABA34C79D4D}.Release|x86.ActiveCfg = Release|Any CPU
		{5B2F447F-63A2-474C-8832-1ABA34C79D4D}.Release|x86.Build.0 = Release|Any CPU
		{5B2F447F-63A2-474C-8832-1ABA34C79D4D}.Release|x86.Deploy.0 = Release|Any CPU
		{6D2C64EC-940B-4BCC-9772-1EAAF4DA4744}.Ad-Hoc|Any CPU.ActiveCfg = Ad-Hoc|iPhone
		{6D2C64EC-940B-4BCC-9772-1EAAF4DA4744}.Ad-Hoc|ARM.ActiveCfg = Ad-Hoc|iPhone
		{6D2C64EC-940B-4BCC-9772-1EAAF4DA4744}.Ad-Hoc|iPhone.ActiveCfg = Ad-Hoc|iPhone
		{6D2C64EC-940B-4BCC-9772-1EAAF4DA4744}.Ad-Hoc|iPhone.Build.0 = Ad-Hoc|iPhone
		{6D2C64EC-940B-4BCC-9772-1EAAF4DA4744}.Ad-Hoc|iPhoneSimulator.ActiveCfg = Ad-Hoc|iPhoneSimulator
		{6D2C64EC-940B-4BCC-9772-1EAAF4DA4744}.Ad-Hoc|iPhoneSimulator.Build.0 = Ad-Hoc|iPhoneSimulator
		{6D2C64EC-940B-4BCC-9772-1EAAF4DA4744}.Ad-Hoc|x64.ActiveCfg = Ad-Hoc|iPhone
		{6D2C64EC-940B-4BCC-9772-1EAAF4DA4744}.Ad-Hoc|x86.ActiveCfg = Ad-Hoc|iPhone
		{6D2C64EC-940B-4BCC-9772-1EAAF4DA4744}.AppStore|Any CPU.ActiveCfg = AppStore|iPhone
		{6D2C64EC-940B-4BCC-9772-1EAAF4DA4744}.AppStore|ARM.ActiveCfg = AppStore|iPhone
		{6D2C64EC-940B-4BCC-9772-1EAAF4DA4744}.AppStore|iPhone.ActiveCfg = AppStore|iPhone
		{6D2C64EC-940B-4BCC-9772-1EAAF4DA4744}.AppStore|iPhone.Build.0 = AppStore|iPhone
		{6D2C64EC-940B-4BCC-9772-1EAAF4DA4744}.AppStore|iPhoneSimulator.ActiveCfg = AppStore|iPhoneSimulator
		{6D2C64EC-940B-4BCC-9772-1EAAF4DA4744}.AppStore|iPhoneSimulator.Build.0 = AppStore|iPhoneSimulator
		{6D2C64EC-940B-4BCC-9772-1EAAF4DA4744}.AppStore|x64.ActiveCfg = AppStore|iPhone
		{6D2C64EC-940B-4BCC-9772-1EAAF4DA4744}.AppStore|x86.ActiveCfg = AppStore|iPhone
		{6D2C64EC-940B-4BCC-9772-1EAAF4DA4744}.Debug|Any CPU.ActiveCfg = Debug|iPhone
		{6D2C64EC-940B-4BCC-9772-1EAAF4DA4744}.Debug|ARM.ActiveCfg = Debug|iPhone
		{6D2C64EC-940B-4BCC-9772-1EAAF4DA4744}.Debug|iPhone.ActiveCfg = Debug|iPhone
		{6D2C64EC-940B-4BCC-9772-1EAAF4DA4744}.Debug|iPhone.Build.0 = Debug|iPhone
		{6D2C64EC-940B-4BCC-9772-1EAAF4DA4744}.Debug|iPhoneSimulator.ActiveCfg = Debug|iPhoneSimulator
		{6D2C64EC-940B-4BCC-9772-1EAAF4DA4744}.Debug|iPhoneSimulator.Build.0 = Debug|iPhoneSimulator
		{6D2C64EC-940B-4BCC-9772-1EAAF4DA4744}.Debug|x64.ActiveCfg = Debug|iPhone
		{6D2C64EC-940B-4BCC-9772-1EAAF4DA4744}.Debug|x86.ActiveCfg = Debug|iPhone
		{6D2C64EC-940B-4BCC-9772-1EAAF4DA4744}.Release|Any CPU.ActiveCfg = Release|iPhone
		{6D2C64EC-940B-4BCC-9772-1EAAF4DA4744}.Release|ARM.ActiveCfg = Release|iPhone
		{6D2C64EC-940B-4BCC-9772-1EAAF4DA4744}.Release|iPhone.ActiveCfg = Release|iPhone
		{6D2C64EC-940B-4BCC-9772-1EAAF4DA4744}.Release|iPhone.Build.0 = Release|iPhone
		{6D2C64EC-940B-4BCC-9772-1EAAF4DA4744}.Release|iPhoneSimulator.ActiveCfg = Release|iPhoneSimulator
		{6D2C64EC-940B-4BCC-9772-1EAAF4DA4744}.Release|iPhoneSimulator.Build.0 = Release|iPhoneSimulator
		{6D2C64EC-940B-4BCC-9772-1EAAF4DA4744}.Release|x64.ActiveCfg = Release|iPhone
		{6D2C64EC-940B-4BCC-9772-1EAAF4DA4744}.Release|x86.ActiveCfg = Release|iPhone
		{FCEAC13A-8EE8-4C0B-AAA3-3B111D1189F8}.Ad-Hoc|Any CPU.ActiveCfg = Release|Any CPU
		{FCEAC13A-8EE8-4C0B-AAA3-3B111D1189F8}.Ad-Hoc|Any CPU.Build.0 = Release|Any CPU
		{FCEAC13A-8EE8-4C0B-AAA3-3B111D1189F8}.Ad-Hoc|Any CPU.Deploy.0 = Release|Any CPU
		{FCEAC13A-8EE8-4C0B-AAA3-3B111D1189F8}.Ad-Hoc|ARM.ActiveCfg = Release|ARM
		{FCEAC13A-8EE8-4C0B-AAA3-3B111D1189F8}.Ad-Hoc|ARM.Build.0 = Release|ARM
		{FCEAC13A-8EE8-4C0B-AAA3-3B111D1189F8}.Ad-Hoc|ARM.Deploy.0 = Release|ARM
		{FCEAC13A-8EE8-4C0B-AAA3-3B111D1189F8}.Ad-Hoc|iPhone.ActiveCfg = Release|Any CPU
		{FCEAC13A-8EE8-4C0B-AAA3-3B111D1189F8}.Ad-Hoc|iPhone.Build.0 = Release|Any CPU
		{FCEAC13A-8EE8-4C0B-AAA3-3B111D1189F8}.Ad-Hoc|iPhone.Deploy.0 = Release|Any CPU
		{FCEAC13A-8EE8-4C0B-AAA3-3B111D1189F8}.Ad-Hoc|iPhoneSimulator.ActiveCfg = Release|Any CPU
		{FCEAC13A-8EE8-4C0B-AAA3-3B111D1189F8}.Ad-Hoc|iPhoneSimulator.Build.0 = Release|Any CPU
		{FCEAC13A-8EE8-4C0B-AAA3-3B111D1189F8}.Ad-Hoc|iPhoneSimulator.Deploy.0 = Release|Any CPU
		{FCEAC13A-8EE8-4C0B-AAA3-3B111D1189F8}.Ad-Hoc|x64.ActiveCfg = Release|Any CPU
		{FCEAC13A-8EE8-4C0B-AAA3-3B111D1189F8}.Ad-Hoc|x64.Build.0 = Release|Any CPU
		{FCEAC13A-8EE8-4C0B-AAA3-3B111D1189F8}.Ad-Hoc|x64.Deploy.0 = Release|Any CPU
		{FCEAC13A-8EE8-4C0B-AAA3-3B111D1189F8}.Ad-Hoc|x86.ActiveCfg = Release|x86
		{FCEAC13A-8EE8-4C0B-AAA3-3B111D1189F8}.Ad-Hoc|x86.Build.0 = Release|x86
		{FCEAC13A-8EE8-4C0B-AAA3-3B111D1189F8}.Ad-Hoc|x86.Deploy.0 = Release|x86
		{FCEAC13A-8EE8-4C0B-AAA3-3B111D1189F8}.AppStore|Any CPU.ActiveCfg = Release|Any CPU
		{FCEAC13A-8EE8-4C0B-AAA3-3B111D1189F8}.AppStore|Any CPU.Build.0 = Release|Any CPU
		{FCEAC13A-8EE8-4C0B-AAA3-3B111D1189F8}.AppStore|Any CPU.Deploy.0 = Release|Any CPU
		{FCEAC13A-8EE8-4C0B-AAA3-3B111D1189F8}.AppStore|ARM.ActiveCfg = Release|ARM
		{FCEAC13A-8EE8-4C0B-AAA3-3B111D1189F8}.AppStore|ARM.Build.0 = Release|ARM
		{FCEAC13A-8EE8-4C0B-AAA3-3B111D1189F8}.AppStore|ARM.Deploy.0 = Release|ARM
		{FCEAC13A-8EE8-4C0B-AAA3-3B111D1189F8}.AppStore|iPhone.ActiveCfg = Release|Any CPU
		{FCEAC13A-8EE8-4C0B-AAA3-3B111D1189F8}.AppStore|iPhone.Build.0 = Release|Any CPU
		{FCEAC13A-8EE8-4C0B-AAA3-3B111D1189F8}.AppStore|iPhone.Deploy.0 = Release|Any CPU
		{FCEAC13A-8EE8-4C0B-AAA3-3B111D1189F8}.AppStore|iPhoneSimulator.ActiveCfg = Release|Any CPU
		{FCEAC13A-8EE8-4C0B-AAA3-3B111D1189F8}.AppStore|iPhoneSimulator.Build.0 = Release|Any CPU
		{FCEAC13A-8EE8-4C0B-AAA3-3B111D1189F8}.AppStore|iPhoneSimulator.Deploy.0 = Release|Any CPU
		{FCEAC13A-8EE8-4C0B-AAA3-3B111D1189F8}.AppStore|x64.ActiveCfg = Release|Any CPU
		{FCEAC13A-8EE8-4C0B-AAA3-3B111D1189F8}.AppStore|x64.Build.0 = Release|Any CPU
		{FCEAC13A-8EE8-4C0B-AAA3-3B111D1189F8}.AppStore|x64.Deploy.0 = Release|Any CPU
		{FCEAC13A-8EE8-4C0B-AAA3-3B111D1189F8}.AppStore|x86.ActiveCfg = Release|x86
		{FCEAC13A-8EE8-4C0B-AAA3-3B111D1189F8}.AppStore|x86.Build.0 = Release|x86
		{FCEAC13A-8EE8-4C0B-AAA3-3B111D1189F8}.AppStore|x86.Deploy.0 = Release|x86
		{FCEAC13A-8EE8-4C0B-AAA3-3B111D1189F8}.Debug|Any CPU.ActiveCfg = Debug|Any CPU
		{FCEAC13A-8EE8-4C0B-AAA3-3B111D1189F8}.Debug|Any CPU.Build.0 = Debug|Any CPU
		{FCEAC13A-8EE8-4C0B-AAA3-3B111D1189F8}.Debug|ARM.ActiveCfg = Debug|ARM
		{FCEAC13A-8EE8-4C0B-AAA3-3B111D1189F8}.Debug|ARM.Build.0 = Debug|ARM
		{FCEAC13A-8EE8-4C0B-AAA3-3B111D1189F8}.Debug|ARM.Deploy.0 = Debug|ARM
		{FCEAC13A-8EE8-4C0B-AAA3-3B111D1189F8}.Debug|iPhone.ActiveCfg = Debug|Any CPU
		{FCEAC13A-8EE8-4C0B-AAA3-3B111D1189F8}.Debug|iPhone.Build.0 = Debug|Any CPU
		{FCEAC13A-8EE8-4C0B-AAA3-3B111D1189F8}.Debug|iPhone.Deploy.0 = Debug|Any CPU
		{FCEAC13A-8EE8-4C0B-AAA3-3B111D1189F8}.Debug|iPhoneSimulator.ActiveCfg = Debug|Any CPU
		{FCEAC13A-8EE8-4C0B-AAA3-3B111D1189F8}.Debug|iPhoneSimulator.Build.0 = Debug|Any CPU
		{FCEAC13A-8EE8-4C0B-AAA3-3B111D1189F8}.Debug|iPhoneSimulator.Deploy.0 = Debug|Any CPU
		{FCEAC13A-8EE8-4C0B-AAA3-3B111D1189F8}.Debug|x64.ActiveCfg = Debug|Any CPU
		{FCEAC13A-8EE8-4C0B-AAA3-3B111D1189F8}.Debug|x64.Build.0 = Debug|Any CPU
		{FCEAC13A-8EE8-4C0B-AAA3-3B111D1189F8}.Debug|x64.Deploy.0 = Debug|Any CPU
		{FCEAC13A-8EE8-4C0B-AAA3-3B111D1189F8}.Debug|x86.ActiveCfg = Debug|x86
		{FCEAC13A-8EE8-4C0B-AAA3-3B111D1189F8}.Debug|x86.Build.0 = Debug|x86
		{FCEAC13A-8EE8-4C0B-AAA3-3B111D1189F8}.Debug|x86.Deploy.0 = Debug|x86
		{FCEAC13A-8EE8-4C0B-AAA3-3B111D1189F8}.Release|Any CPU.ActiveCfg = Release|Any CPU
		{FCEAC13A-8EE8-4C0B-AAA3-3B111D1189F8}.Release|Any CPU.Build.0 = Release|Any CPU
		{FCEAC13A-8EE8-4C0B-AAA3-3B111D1189F8}.Release|ARM.ActiveCfg = Release|ARM
		{FCEAC13A-8EE8-4C0B-AAA3-3B111D1189F8}.Release|ARM.Build.0 = Release|ARM
		{FCEAC13A-8EE8-4C0B-AAA3-3B111D1189F8}.Release|ARM.Deploy.0 = Release|ARM
		{FCEAC13A-8EE8-4C0B-AAA3-3B111D1189F8}.Release|iPhone.ActiveCfg = Release|Any CPU
		{FCEAC13A-8EE8-4C0B-AAA3-3B111D1189F8}.Release|iPhone.Build.0 = Release|Any CPU
		{FCEAC13A-8EE8-4C0B-AAA3-3B111D1189F8}.Release|iPhone.Deploy.0 = Release|Any CPU
		{FCEAC13A-8EE8-4C0B-AAA3-3B111D1189F8}.Release|iPhoneSimulator.ActiveCfg = Release|Any CPU
		{FCEAC13A-8EE8-4C0B-AAA3-3B111D1189F8}.Release|iPhoneSimulator.Build.0 = Release|Any CPU
		{FCEAC13A-8EE8-4C0B-AAA3-3B111D1189F8}.Release|iPhoneSimulator.Deploy.0 = Release|Any CPU
		{FCEAC13A-8EE8-4C0B-AAA3-3B111D1189F8}.Release|x64.ActiveCfg = Release|Any CPU
		{FCEAC13A-8EE8-4C0B-AAA3-3B111D1189F8}.Release|x64.Build.0 = Release|Any CPU
		{FCEAC13A-8EE8-4C0B-AAA3-3B111D1189F8}.Release|x64.Deploy.0 = Release|Any CPU
		{FCEAC13A-8EE8-4C0B-AAA3-3B111D1189F8}.Release|x86.ActiveCfg = Release|x86
		{FCEAC13A-8EE8-4C0B-AAA3-3B111D1189F8}.Release|x86.Build.0 = Release|x86
		{FCEAC13A-8EE8-4C0B-AAA3-3B111D1189F8}.Release|x86.Deploy.0 = Release|x86
		{D506A062-3A49-400E-AA5F-4EBCAB11A9B8}.Ad-Hoc|Any CPU.ActiveCfg = Release|x86
		{D506A062-3A49-400E-AA5F-4EBCAB11A9B8}.Ad-Hoc|Any CPU.Build.0 = Release|x86
		{D506A062-3A49-400E-AA5F-4EBCAB11A9B8}.Ad-Hoc|Any CPU.Deploy.0 = Release|x86
		{D506A062-3A49-400E-AA5F-4EBCAB11A9B8}.Ad-Hoc|ARM.ActiveCfg = Release|ARM
		{D506A062-3A49-400E-AA5F-4EBCAB11A9B8}.Ad-Hoc|ARM.Build.0 = Release|ARM
		{D506A062-3A49-400E-AA5F-4EBCAB11A9B8}.Ad-Hoc|ARM.Deploy.0 = Release|ARM
		{D506A062-3A49-400E-AA5F-4EBCAB11A9B8}.Ad-Hoc|iPhone.ActiveCfg = Release|x86
		{D506A062-3A49-400E-AA5F-4EBCAB11A9B8}.Ad-Hoc|iPhone.Build.0 = Release|x86
		{D506A062-3A49-400E-AA5F-4EBCAB11A9B8}.Ad-Hoc|iPhone.Deploy.0 = Release|x86
		{D506A062-3A49-400E-AA5F-4EBCAB11A9B8}.Ad-Hoc|iPhoneSimulator.ActiveCfg = Release|x86
		{D506A062-3A49-400E-AA5F-4EBCAB11A9B8}.Ad-Hoc|iPhoneSimulator.Build.0 = Release|x86
		{D506A062-3A49-400E-AA5F-4EBCAB11A9B8}.Ad-Hoc|iPhoneSimulator.Deploy.0 = Release|x86
		{D506A062-3A49-400E-AA5F-4EBCAB11A9B8}.Ad-Hoc|x64.ActiveCfg = Release|x64
		{D506A062-3A49-400E-AA5F-4EBCAB11A9B8}.Ad-Hoc|x64.Build.0 = Release|x64
		{D506A062-3A49-400E-AA5F-4EBCAB11A9B8}.Ad-Hoc|x64.Deploy.0 = Release|x64
		{D506A062-3A49-400E-AA5F-4EBCAB11A9B8}.Ad-Hoc|x86.ActiveCfg = Release|x86
		{D506A062-3A49-400E-AA5F-4EBCAB11A9B8}.Ad-Hoc|x86.Build.0 = Release|x86
		{D506A062-3A49-400E-AA5F-4EBCAB11A9B8}.Ad-Hoc|x86.Deploy.0 = Release|x86
		{D506A062-3A49-400E-AA5F-4EBCAB11A9B8}.AppStore|Any CPU.ActiveCfg = Release|x86
		{D506A062-3A49-400E-AA5F-4EBCAB11A9B8}.AppStore|Any CPU.Build.0 = Release|x86
		{D506A062-3A49-400E-AA5F-4EBCAB11A9B8}.AppStore|Any CPU.Deploy.0 = Release|x86
		{D506A062-3A49-400E-AA5F-4EBCAB11A9B8}.AppStore|ARM.ActiveCfg = Release|ARM
		{D506A062-3A49-400E-AA5F-4EBCAB11A9B8}.AppStore|ARM.Build.0 = Release|ARM
		{D506A062-3A49-400E-AA5F-4EBCAB11A9B8}.AppStore|ARM.Deploy.0 = Release|ARM
		{D506A062-3A49-400E-AA5F-4EBCAB11A9B8}.AppStore|iPhone.ActiveCfg = Release|x86
		{D506A062-3A49-400E-AA5F-4EBCAB11A9B8}.AppStore|iPhone.Build.0 = Release|x86
		{D506A062-3A49-400E-AA5F-4EBCAB11A9B8}.AppStore|iPhone.Deploy.0 = Release|x86
		{D506A062-3A49-400E-AA5F-4EBCAB11A9B8}.AppStore|iPhoneSimulator.ActiveCfg = Release|x86
		{D506A062-3A49-400E-AA5F-4EBCAB11A9B8}.AppStore|iPhoneSimulator.Build.0 = Release|x86
		{D506A062-3A49-400E-AA5F-4EBCAB11A9B8}.AppStore|iPhoneSimulator.Deploy.0 = Release|x86
		{D506A062-3A49-400E-AA5F-4EBCAB11A9B8}.AppStore|x64.ActiveCfg = Release|x64
		{D506A062-3A49-400E-AA5F-4EBCAB11A9B8}.AppStore|x64.Build.0 = Release|x64
		{D506A062-3A49-400E-AA5F-4EBCAB11A9B8}.AppStore|x64.Deploy.0 = Release|x64
		{D506A062-3A49-400E-AA5F-4EBCAB11A9B8}.AppStore|x86.ActiveCfg = Release|x86
		{D506A062-3A49-400E-AA5F-4EBCAB11A9B8}.AppStore|x86.Build.0 = Release|x86
		{D506A062-3A49-400E-AA5F-4EBCAB11A9B8}.AppStore|x86.Deploy.0 = Release|x86
		{D506A062-3A49-400E-AA5F-4EBCAB11A9B8}.Debug|Any CPU.ActiveCfg = Debug|x86
		{D506A062-3A49-400E-AA5F-4EBCAB11A9B8}.Debug|Any CPU.Build.0 = Debug|x86
		{D506A062-3A49-400E-AA5F-4EBCAB11A9B8}.Debug|ARM.ActiveCfg = Debug|ARM
		{D506A062-3A49-400E-AA5F-4EBCAB11A9B8}.Debug|ARM.Build.0 = Debug|ARM
		{D506A062-3A49-400E-AA5F-4EBCAB11A9B8}.Debug|ARM.Deploy.0 = Debug|ARM
		{D506A062-3A49-400E-AA5F-4EBCAB11A9B8}.Debug|iPhone.ActiveCfg = Debug|x86
		{D506A062-3A49-400E-AA5F-4EBCAB11A9B8}.Debug|iPhoneSimulator.ActiveCfg = Debug|x86
		{D506A062-3A49-400E-AA5F-4EBCAB11A9B8}.Debug|x64.ActiveCfg = Debug|x64
		{D506A062-3A49-400E-AA5F-4EBCAB11A9B8}.Debug|x64.Build.0 = Debug|x64
		{D506A062-3A49-400E-AA5F-4EBCAB11A9B8}.Debug|x64.Deploy.0 = Debug|x64
		{D506A062-3A49-400E-AA5F-4EBCAB11A9B8}.Debug|x86.ActiveCfg = Debug|x86
		{D506A062-3A49-400E-AA5F-4EBCAB11A9B8}.Debug|x86.Build.0 = Debug|x86
		{D506A062-3A49-400E-AA5F-4EBCAB11A9B8}.Debug|x86.Deploy.0 = Debug|x86
		{D506A062-3A49-400E-AA5F-4EBCAB11A9B8}.Release|Any CPU.ActiveCfg = Release|x86
		{D506A062-3A49-400E-AA5F-4EBCAB11A9B8}.Release|Any CPU.Build.0 = Release|x86
		{D506A062-3A49-400E-AA5F-4EBCAB11A9B8}.Release|Any CPU.Deploy.0 = Release|x86
		{D506A062-3A49-400E-AA5F-4EBCAB11A9B8}.Release|ARM.ActiveCfg = Release|ARM
		{D506A062-3A49-400E-AA5F-4EBCAB11A9B8}.Release|ARM.Build.0 = Release|ARM
		{D506A062-3A49-400E-AA5F-4EBCAB11A9B8}.Release|ARM.Deploy.0 = Release|ARM
		{D506A062-3A49-400E-AA5F-4EBCAB11A9B8}.Release|iPhone.ActiveCfg = Release|x86
		{D506A062-3A49-400E-AA5F-4EBCAB11A9B8}.Release|iPhoneSimulator.ActiveCfg = Release|x86
		{D506A062-3A49-400E-AA5F-4EBCAB11A9B8}.Release|x64.ActiveCfg = Release|x64
		{D506A062-3A49-400E-AA5F-4EBCAB11A9B8}.Release|x64.Build.0 = Release|x64
		{D506A062-3A49-400E-AA5F-4EBCAB11A9B8}.Release|x64.Deploy.0 = Release|x64
		{D506A062-3A49-400E-AA5F-4EBCAB11A9B8}.Release|x86.ActiveCfg = Release|x86
		{D506A062-3A49-400E-AA5F-4EBCAB11A9B8}.Release|x86.Build.0 = Release|x86
		{D506A062-3A49-400E-AA5F-4EBCAB11A9B8}.Release|x86.Deploy.0 = Release|x86
		{7352EC58-994E-4CC8-8D03-E973D92D1ABD}.Ad-Hoc|Any CPU.ActiveCfg = Release|Any CPU
		{7352EC58-994E-4CC8-8D03-E973D92D1ABD}.Ad-Hoc|Any CPU.Build.0 = Release|Any CPU
		{7352EC58-994E-4CC8-8D03-E973D92D1ABD}.Ad-Hoc|Any CPU.Deploy.0 = Release|Any CPU
		{7352EC58-994E-4CC8-8D03-E973D92D1ABD}.Ad-Hoc|ARM.ActiveCfg = Release|ARM
		{7352EC58-994E-4CC8-8D03-E973D92D1ABD}.Ad-Hoc|ARM.Build.0 = Release|ARM
		{7352EC58-994E-4CC8-8D03-E973D92D1ABD}.Ad-Hoc|ARM.Deploy.0 = Release|ARM
		{7352EC58-994E-4CC8-8D03-E973D92D1ABD}.Ad-Hoc|iPhone.ActiveCfg = Release|Any CPU
		{7352EC58-994E-4CC8-8D03-E973D92D1ABD}.Ad-Hoc|iPhone.Build.0 = Release|Any CPU
		{7352EC58-994E-4CC8-8D03-E973D92D1ABD}.Ad-Hoc|iPhone.Deploy.0 = Release|Any CPU
		{7352EC58-994E-4CC8-8D03-E973D92D1ABD}.Ad-Hoc|iPhoneSimulator.ActiveCfg = Release|Any CPU
		{7352EC58-994E-4CC8-8D03-E973D92D1ABD}.Ad-Hoc|iPhoneSimulator.Build.0 = Release|Any CPU
		{7352EC58-994E-4CC8-8D03-E973D92D1ABD}.Ad-Hoc|iPhoneSimulator.Deploy.0 = Release|Any CPU
		{7352EC58-994E-4CC8-8D03-E973D92D1ABD}.Ad-Hoc|x64.ActiveCfg = Release|x64
		{7352EC58-994E-4CC8-8D03-E973D92D1ABD}.Ad-Hoc|x64.Build.0 = Release|x64
		{7352EC58-994E-4CC8-8D03-E973D92D1ABD}.Ad-Hoc|x64.Deploy.0 = Release|x64
		{7352EC58-994E-4CC8-8D03-E973D92D1ABD}.Ad-Hoc|x86.ActiveCfg = Release|x86
		{7352EC58-994E-4CC8-8D03-E973D92D1ABD}.Ad-Hoc|x86.Build.0 = Release|x86
		{7352EC58-994E-4CC8-8D03-E973D92D1ABD}.Ad-Hoc|x86.Deploy.0 = Release|x86
		{7352EC58-994E-4CC8-8D03-E973D92D1ABD}.AppStore|Any CPU.ActiveCfg = Release|Any CPU
		{7352EC58-994E-4CC8-8D03-E973D92D1ABD}.AppStore|Any CPU.Build.0 = Release|Any CPU
		{7352EC58-994E-4CC8-8D03-E973D92D1ABD}.AppStore|Any CPU.Deploy.0 = Release|Any CPU
		{7352EC58-994E-4CC8-8D03-E973D92D1ABD}.AppStore|ARM.ActiveCfg = Release|ARM
		{7352EC58-994E-4CC8-8D03-E973D92D1ABD}.AppStore|ARM.Build.0 = Release|ARM
		{7352EC58-994E-4CC8-8D03-E973D92D1ABD}.AppStore|ARM.Deploy.0 = Release|ARM
		{7352EC58-994E-4CC8-8D03-E973D92D1ABD}.AppStore|iPhone.ActiveCfg = Release|Any CPU
		{7352EC58-994E-4CC8-8D03-E973D92D1ABD}.AppStore|iPhone.Build.0 = Release|Any CPU
		{7352EC58-994E-4CC8-8D03-E973D92D1ABD}.AppStore|iPhone.Deploy.0 = Release|Any CPU
		{7352EC58-994E-4CC8-8D03-E973D92D1ABD}.AppStore|iPhoneSimulator.ActiveCfg = Release|Any CPU
		{7352EC58-994E-4CC8-8D03-E973D92D1ABD}.AppStore|iPhoneSimulator.Build.0 = Release|Any CPU
		{7352EC58-994E-4CC8-8D03-E973D92D1ABD}.AppStore|iPhoneSimulator.Deploy.0 = Release|Any CPU
		{7352EC58-994E-4CC8-8D03-E973D92D1ABD}.AppStore|x64.ActiveCfg = Release|x64
		{7352EC58-994E-4CC8-8D03-E973D92D1ABD}.AppStore|x64.Build.0 = Release|x64
		{7352EC58-994E-4CC8-8D03-E973D92D1ABD}.AppStore|x64.Deploy.0 = Release|x64
		{7352EC58-994E-4CC8-8D03-E973D92D1ABD}.AppStore|x86.ActiveCfg = Release|x86
		{7352EC58-994E-4CC8-8D03-E973D92D1ABD}.AppStore|x86.Build.0 = Release|x86
		{7352EC58-994E-4CC8-8D03-E973D92D1ABD}.AppStore|x86.Deploy.0 = Release|x86
		{7352EC58-994E-4CC8-8D03-E973D92D1ABD}.Debug|Any CPU.ActiveCfg = Debug|Any CPU
		{7352EC58-994E-4CC8-8D03-E973D92D1ABD}.Debug|Any CPU.Build.0 = Debug|Any CPU
		{7352EC58-994E-4CC8-8D03-E973D92D1ABD}.Debug|ARM.ActiveCfg = Debug|ARM
		{7352EC58-994E-4CC8-8D03-E973D92D1ABD}.Debug|ARM.Build.0 = Debug|ARM
		{7352EC58-994E-4CC8-8D03-E973D92D1ABD}.Debug|ARM.Deploy.0 = Debug|ARM
		{7352EC58-994E-4CC8-8D03-E973D92D1ABD}.Debug|iPhone.ActiveCfg = Debug|Any CPU
		{7352EC58-994E-4CC8-8D03-E973D92D1ABD}.Debug|iPhone.Build.0 = Debug|Any CPU
		{7352EC58-994E-4CC8-8D03-E973D92D1ABD}.Debug|iPhone.Deploy.0 = Debug|Any CPU
		{7352EC58-994E-4CC8-8D03-E973D92D1ABD}.Debug|iPhoneSimulator.ActiveCfg = Debug|Any CPU
		{7352EC58-994E-4CC8-8D03-E973D92D1ABD}.Debug|iPhoneSimulator.Build.0 = Debug|Any CPU
		{7352EC58-994E-4CC8-8D03-E973D92D1ABD}.Debug|iPhoneSimulator.Deploy.0 = Debug|Any CPU
		{7352EC58-994E-4CC8-8D03-E973D92D1ABD}.Debug|x64.ActiveCfg = Debug|x64
		{7352EC58-994E-4CC8-8D03-E973D92D1ABD}.Debug|x64.Build.0 = Debug|x64
		{7352EC58-994E-4CC8-8D03-E973D92D1ABD}.Debug|x64.Deploy.0 = Debug|x64
		{7352EC58-994E-4CC8-8D03-E973D92D1ABD}.Debug|x86.ActiveCfg = Debug|x86
		{7352EC58-994E-4CC8-8D03-E973D92D1ABD}.Debug|x86.Build.0 = Debug|x86
		{7352EC58-994E-4CC8-8D03-E973D92D1ABD}.Debug|x86.Deploy.0 = Debug|x86
		{7352EC58-994E-4CC8-8D03-E973D92D1ABD}.Release|Any CPU.ActiveCfg = Release|Any CPU
		{7352EC58-994E-4CC8-8D03-E973D92D1ABD}.Release|Any CPU.Build.0 = Release|Any CPU
		{7352EC58-994E-4CC8-8D03-E973D92D1ABD}.Release|ARM.ActiveCfg = Release|ARM
		{7352EC58-994E-4CC8-8D03-E973D92D1ABD}.Release|ARM.Build.0 = Release|ARM
		{7352EC58-994E-4CC8-8D03-E973D92D1ABD}.Release|ARM.Deploy.0 = Release|ARM
		{7352EC58-994E-4CC8-8D03-E973D92D1ABD}.Release|iPhone.ActiveCfg = Release|Any CPU
		{7352EC58-994E-4CC8-8D03-E973D92D1ABD}.Release|iPhone.Build.0 = Release|Any CPU
		{7352EC58-994E-4CC8-8D03-E973D92D1ABD}.Release|iPhone.Deploy.0 = Release|Any CPU
		{7352EC58-994E-4CC8-8D03-E973D92D1ABD}.Release|iPhoneSimulator.ActiveCfg = Release|Any CPU
		{7352EC58-994E-4CC8-8D03-E973D92D1ABD}.Release|iPhoneSimulator.Build.0 = Release|Any CPU
		{7352EC58-994E-4CC8-8D03-E973D92D1ABD}.Release|iPhoneSimulator.Deploy.0 = Release|Any CPU
		{7352EC58-994E-4CC8-8D03-E973D92D1ABD}.Release|x64.ActiveCfg = Release|x64
		{7352EC58-994E-4CC8-8D03-E973D92D1ABD}.Release|x64.Build.0 = Release|x64
		{7352EC58-994E-4CC8-8D03-E973D92D1ABD}.Release|x64.Deploy.0 = Release|x64
		{7352EC58-994E-4CC8-8D03-E973D92D1ABD}.Release|x86.ActiveCfg = Release|x86
		{7352EC58-994E-4CC8-8D03-E973D92D1ABD}.Release|x86.Build.0 = Release|x86
		{7352EC58-994E-4CC8-8D03-E973D92D1ABD}.Release|x86.Deploy.0 = Release|x86
		{923CD09B-40A5-470F-BE00-D932390960AC}.Ad-Hoc|Any CPU.ActiveCfg = Release|Any CPU
		{923CD09B-40A5-470F-BE00-D932390960AC}.Ad-Hoc|Any CPU.Build.0 = Release|Any CPU
		{923CD09B-40A5-470F-BE00-D932390960AC}.Ad-Hoc|ARM.ActiveCfg = Release|Any CPU
		{923CD09B-40A5-470F-BE00-D932390960AC}.Ad-Hoc|ARM.Build.0 = Release|Any CPU
		{923CD09B-40A5-470F-BE00-D932390960AC}.Ad-Hoc|iPhone.ActiveCfg = Release|Any CPU
		{923CD09B-40A5-470F-BE00-D932390960AC}.Ad-Hoc|iPhone.Build.0 = Release|Any CPU
		{923CD09B-40A5-470F-BE00-D932390960AC}.Ad-Hoc|iPhoneSimulator.ActiveCfg = Release|Any CPU
		{923CD09B-40A5-470F-BE00-D932390960AC}.Ad-Hoc|iPhoneSimulator.Build.0 = Release|Any CPU
		{923CD09B-40A5-470F-BE00-D932390960AC}.Ad-Hoc|x64.ActiveCfg = Release|Any CPU
		{923CD09B-40A5-470F-BE00-D932390960AC}.Ad-Hoc|x64.Build.0 = Release|Any CPU
		{923CD09B-40A5-470F-BE00-D932390960AC}.Ad-Hoc|x86.ActiveCfg = Release|Any CPU
		{923CD09B-40A5-470F-BE00-D932390960AC}.Ad-Hoc|x86.Build.0 = Release|Any CPU
		{923CD09B-40A5-470F-BE00-D932390960AC}.AppStore|Any CPU.ActiveCfg = Release|Any CPU
		{923CD09B-40A5-470F-BE00-D932390960AC}.AppStore|Any CPU.Build.0 = Release|Any CPU
		{923CD09B-40A5-470F-BE00-D932390960AC}.AppStore|ARM.ActiveCfg = Release|Any CPU
		{923CD09B-40A5-470F-BE00-D932390960AC}.AppStore|ARM.Build.0 = Release|Any CPU
		{923CD09B-40A5-470F-BE00-D932390960AC}.AppStore|iPhone.ActiveCfg = Release|Any CPU
		{923CD09B-40A5-470F-BE00-D932390960AC}.AppStore|iPhone.Build.0 = Release|Any CPU
		{923CD09B-40A5-470F-BE00-D932390960AC}.AppStore|iPhoneSimulator.ActiveCfg = Release|Any CPU
		{923CD09B-40A5-470F-BE00-D932390960AC}.AppStore|iPhoneSimulator.Build.0 = Release|Any CPU
		{923CD09B-40A5-470F-BE00-D932390960AC}.AppStore|x64.ActiveCfg = Release|Any CPU
		{923CD09B-40A5-470F-BE00-D932390960AC}.AppStore|x64.Build.0 = Release|Any CPU
		{923CD09B-40A5-470F-BE00-D932390960AC}.AppStore|x86.ActiveCfg = Release|Any CPU
		{923CD09B-40A5-470F-BE00-D932390960AC}.AppStore|x86.Build.0 = Release|Any CPU
		{923CD09B-40A5-470F-BE00-D932390960AC}.Debug|Any CPU.ActiveCfg = Debug|Any CPU
		{923CD09B-40A5-470F-BE00-D932390960AC}.Debug|Any CPU.Build.0 = Debug|Any CPU
		{923CD09B-40A5-470F-BE00-D932390960AC}.Debug|ARM.ActiveCfg = Debug|Any CPU
		{923CD09B-40A5-470F-BE00-D932390960AC}.Debug|ARM.Build.0 = Debug|Any CPU
		{923CD09B-40A5-470F-BE00-D932390960AC}.Debug|iPhone.ActiveCfg = Debug|Any CPU
		{923CD09B-40A5-470F-BE00-D932390960AC}.Debug|iPhone.Build.0 = Debug|Any CPU
		{923CD09B-40A5-470F-BE00-D932390960AC}.Debug|iPhoneSimulator.ActiveCfg = Debug|Any CPU
		{923CD09B-40A5-470F-BE00-D932390960AC}.Debug|iPhoneSimulator.Build.0 = Debug|Any CPU
		{923CD09B-40A5-470F-BE00-D932390960AC}.Debug|x64.ActiveCfg = Debug|Any CPU
		{923CD09B-40A5-470F-BE00-D932390960AC}.Debug|x64.Build.0 = Debug|Any CPU
		{923CD09B-40A5-470F-BE00-D932390960AC}.Debug|x86.ActiveCfg = Debug|Any CPU
		{923CD09B-40A5-470F-BE00-D932390960AC}.Debug|x86.Build.0 = Debug|Any CPU
		{923CD09B-40A5-470F-BE00-D932390960AC}.Release|Any CPU.ActiveCfg = Release|Any CPU
		{923CD09B-40A5-470F-BE00-D932390960AC}.Release|Any CPU.Build.0 = Release|Any CPU
		{923CD09B-40A5-470F-BE00-D932390960AC}.Release|ARM.ActiveCfg = Release|Any CPU
		{923CD09B-40A5-470F-BE00-D932390960AC}.Release|ARM.Build.0 = Release|Any CPU
		{923CD09B-40A5-470F-BE00-D932390960AC}.Release|iPhone.ActiveCfg = Release|Any CPU
		{923CD09B-40A5-470F-BE00-D932390960AC}.Release|iPhone.Build.0 = Release|Any CPU
		{923CD09B-40A5-470F-BE00-D932390960AC}.Release|iPhoneSimulator.ActiveCfg = Release|Any CPU
		{923CD09B-40A5-470F-BE00-D932390960AC}.Release|iPhoneSimulator.Build.0 = Release|Any CPU
		{923CD09B-40A5-470F-BE00-D932390960AC}.Release|x64.ActiveCfg = Release|Any CPU
		{923CD09B-40A5-470F-BE00-D932390960AC}.Release|x64.Build.0 = Release|Any CPU
		{923CD09B-40A5-470F-BE00-D932390960AC}.Release|x86.ActiveCfg = Release|Any CPU
		{923CD09B-40A5-470F-BE00-D932390960AC}.Release|x86.Build.0 = Release|Any CPU
		{34A3548F-56EC-4464-9321-0075FE259365}.Ad-Hoc|Any CPU.ActiveCfg = Release|Any CPU
		{34A3548F-56EC-4464-9321-0075FE259365}.Ad-Hoc|Any CPU.Build.0 = Release|Any CPU
		{34A3548F-56EC-4464-9321-0075FE259365}.Ad-Hoc|ARM.ActiveCfg = Release|Any CPU
		{34A3548F-56EC-4464-9321-0075FE259365}.Ad-Hoc|ARM.Build.0 = Release|Any CPU
		{34A3548F-56EC-4464-9321-0075FE259365}.Ad-Hoc|iPhone.ActiveCfg = Release|Any CPU
		{34A3548F-56EC-4464-9321-0075FE259365}.Ad-Hoc|iPhone.Build.0 = Release|Any CPU
		{34A3548F-56EC-4464-9321-0075FE259365}.Ad-Hoc|iPhoneSimulator.ActiveCfg = Release|Any CPU
		{34A3548F-56EC-4464-9321-0075FE259365}.Ad-Hoc|iPhoneSimulator.Build.0 = Release|Any CPU
		{34A3548F-56EC-4464-9321-0075FE259365}.Ad-Hoc|x64.ActiveCfg = Release|Any CPU
		{34A3548F-56EC-4464-9321-0075FE259365}.Ad-Hoc|x64.Build.0 = Release|Any CPU
		{34A3548F-56EC-4464-9321-0075FE259365}.Ad-Hoc|x86.ActiveCfg = Release|Any CPU
		{34A3548F-56EC-4464-9321-0075FE259365}.Ad-Hoc|x86.Build.0 = Release|Any CPU
		{34A3548F-56EC-4464-9321-0075FE259365}.AppStore|Any CPU.ActiveCfg = Release|Any CPU
		{34A3548F-56EC-4464-9321-0075FE259365}.AppStore|Any CPU.Build.0 = Release|Any CPU
		{34A3548F-56EC-4464-9321-0075FE259365}.AppStore|ARM.ActiveCfg = Release|Any CPU
		{34A3548F-56EC-4464-9321-0075FE259365}.AppStore|ARM.Build.0 = Release|Any CPU
		{34A3548F-56EC-4464-9321-0075FE259365}.AppStore|iPhone.ActiveCfg = Release|Any CPU
		{34A3548F-56EC-4464-9321-0075FE259365}.AppStore|iPhone.Build.0 = Release|Any CPU
		{34A3548F-56EC-4464-9321-0075FE259365}.AppStore|iPhoneSimulator.ActiveCfg = Release|Any CPU
		{34A3548F-56EC-4464-9321-0075FE259365}.AppStore|iPhoneSimulator.Build.0 = Release|Any CPU
		{34A3548F-56EC-4464-9321-0075FE259365}.AppStore|x64.ActiveCfg = Release|Any CPU
		{34A3548F-56EC-4464-9321-0075FE259365}.AppStore|x64.Build.0 = Release|Any CPU
		{34A3548F-56EC-4464-9321-0075FE259365}.AppStore|x86.ActiveCfg = Release|Any CPU
		{34A3548F-56EC-4464-9321-0075FE259365}.AppStore|x86.Build.0 = Release|Any CPU
		{34A3548F-56EC-4464-9321-0075FE259365}.Debug|Any CPU.ActiveCfg = Debug|Any CPU
		{34A3548F-56EC-4464-9321-0075FE259365}.Debug|Any CPU.Build.0 = Debug|Any CPU
		{34A3548F-56EC-4464-9321-0075FE259365}.Debug|ARM.ActiveCfg = Debug|Any CPU
		{34A3548F-56EC-4464-9321-0075FE259365}.Debug|ARM.Build.0 = Debug|Any CPU
		{34A3548F-56EC-4464-9321-0075FE259365}.Debug|iPhone.ActiveCfg = Debug|Any CPU
		{34A3548F-56EC-4464-9321-0075FE259365}.Debug|iPhone.Build.0 = Debug|Any CPU
		{34A3548F-56EC-4464-9321-0075FE259365}.Debug|iPhoneSimulator.ActiveCfg = Debug|Any CPU
		{34A3548F-56EC-4464-9321-0075FE259365}.Debug|iPhoneSimulator.Build.0 = Debug|Any CPU
		{34A3548F-56EC-4464-9321-0075FE259365}.Debug|x64.ActiveCfg = Debug|Any CPU
		{34A3548F-56EC-4464-9321-0075FE259365}.Debug|x64.Build.0 = Debug|Any CPU
		{34A3548F-56EC-4464-9321-0075FE259365}.Debug|x86.ActiveCfg = Debug|Any CPU
		{34A3548F-56EC-4464-9321-0075FE259365}.Debug|x86.Build.0 = Debug|Any CPU
		{34A3548F-56EC-4464-9321-0075FE259365}.Release|Any CPU.ActiveCfg = Release|Any CPU
		{34A3548F-56EC-4464-9321-0075FE259365}.Release|Any CPU.Build.0 = Release|Any CPU
		{34A3548F-56EC-4464-9321-0075FE259365}.Release|ARM.ActiveCfg = Release|Any CPU
		{34A3548F-56EC-4464-9321-0075FE259365}.Release|ARM.Build.0 = Release|Any CPU
		{34A3548F-56EC-4464-9321-0075FE259365}.Release|iPhone.ActiveCfg = Release|Any CPU
		{34A3548F-56EC-4464-9321-0075FE259365}.Release|iPhone.Build.0 = Release|Any CPU
		{34A3548F-56EC-4464-9321-0075FE259365}.Release|iPhoneSimulator.ActiveCfg = Release|Any CPU
		{34A3548F-56EC-4464-9321-0075FE259365}.Release|iPhoneSimulator.Build.0 = Release|Any CPU
		{34A3548F-56EC-4464-9321-0075FE259365}.Release|x64.ActiveCfg = Release|Any CPU
		{34A3548F-56EC-4464-9321-0075FE259365}.Release|x64.Build.0 = Release|Any CPU
		{34A3548F-56EC-4464-9321-0075FE259365}.Release|x86.ActiveCfg = Release|Any CPU
		{34A3548F-56EC-4464-9321-0075FE259365}.Release|x86.Build.0 = Release|Any CPU
	EndGlobalSection
	GlobalSection(SolutionProperties) = preSolution
		HideSolutionNode = FALSE
	EndGlobalSection
EndGlobal
